
Microsoft Visual Studio Solution File, Format Version 12.00
# Visual Studio Version 17
VisualStudioVersion = 17.13.35931.197 d17.13
MinimumVisualStudioVersion = 10.0.40219.1
Project("{FAE04EC0-301F-11D3-BF4B-00C04F79EFBC}") = "Draft", "Draft.csproj", "{DE7A0BCE-D4D1-4983-9DD3-A0DBA82EDA1B}"
EndProject
Global
	GlobalSection(SolutionConfigurationPlatforms) = preSolution
		Debug|Any CPU = Debug|Any CPU
		Release|Any CPU = Release|Any CPU
	EndGlobalSection
	GlobalSection(ProjectConfigurationPlatforms) = postSolution
		{DE7A0BCE-D4D1-4983-9DD3-A0DBA82EDA1B}.Debug|Any CPU.ActiveCfg = Debug|Any CPU
		{DE7A0BCE-D4D1-4983-9DD3-A0DBA82EDA1B}.Debug|Any CPU.Build.0 = Debug|Any CPU
		{DE7A0BCE-D4D1-4983-9DD3-A0DBA82EDA1B}.Release|Any CPU.ActiveCfg = Release|Any CPU
		{DE7A0BCE-D4D1-4983-9DD3-A0DBA82EDA1B}.Release|Any CPU.Build.0 = Release|Any CPU
	EndGlobalSection
	GlobalSection(SolutionProperties) = preSolution
		HideSolutionNode = FALSE
	EndGlobalSection
	GlobalSection(ExtensibilityGlobals) = postSolution
		SolutionGuid = {A7E2CFB3-0196-4638-9327-47F6523AAD82}
	EndGlobalSection
EndGlobal
