
Microsoft Visual Studio Solution File, Format Version 12.00
# Visual Studio Version 17
VisualStudioVersion = 17.13.35931.197 d17.13
MinimumVisualStudioVersion = 10.0.40219.1
Project("{FAE04EC0-301F-11D3-BF4B-00C04F79EFBC}") = "Final calc", "Final calc.csproj", "{9AD727D4-1532-461A-B553-F931E2F19B59}"
EndProject
Global
	GlobalSection(SolutionConfigurationPlatforms) = preSolution
		Debug|Any CPU = Debug|Any CPU
		Release|Any CPU = Release|Any CPU
	EndGlobalSection
	GlobalSection(ProjectConfigurationPlatforms) = postSolution
		{9AD727D4-1532-461A-B553-F931E2F19B59}.Debug|Any CPU.ActiveCfg = Debug|Any CPU
		{9AD727D4-1532-461A-B553-F931E2F19B59}.Debug|Any CPU.Build.0 = Debug|Any CPU
		{9AD727D4-1532-461A-B553-F931E2F19B59}.Release|Any CPU.ActiveCfg = Release|Any CPU
		{9AD727D4-1532-461A-B553-F931E2F19B59}.Release|Any CPU.Build.0 = Release|Any CPU
	EndGlobalSection
	GlobalSection(SolutionProperties) = preSolution
		HideSolutionNode = FALSE
	EndGlobalSection
	GlobalSection(ExtensibilityGlobals) = postSolution
		SolutionGuid = {E2F48E2C-6B6D-4D4E-A8A8-814C2308D390}
	EndGlobalSection
EndGlobal
